
Microsoft Visual Studio Solution File, Format Version 12.00
# Visual Studio Version 16
VisualStudioVersion = 16.0.29418.71
MinimumVisualStudioVersion = 10.0.40219.1
Project("{888888A0-9F3D-457C-B088-3A5042F75D52}") = "Reversing_Strings", "Reversing_Strings\Reversing_Strings.pyproj", "{E0C87EA5-476E-4E00-A91B-81908B71E0E3}"
EndProject
Global
	GlobalSection(SolutionConfigurationPlatforms) = preSolution
		Debug|Any CPU = Debug|Any CPU
		Release|Any CPU = Release|Any CPU
	EndGlobalSection
	GlobalSection(ProjectConfigurationPlatforms) = postSolution
		{E0C87EA5-476E-4E00-A91B-81908B71E0E3}.Debug|Any CPU.ActiveCfg = Debug|Any CPU
		{E0C87EA5-476E-4E00-A91B-81908B71E0E3}.Release|Any CPU.ActiveCfg = Release|Any CPU
	EndGlobalSection
	GlobalSection(SolutionProperties) = preSolution
		HideSolutionNode = FALSE
	EndGlobalSection
	GlobalSection(ExtensibilityGlobals) = postSolution
		SolutionGuid = {B556DDE3-2877-44EF-B16D-3D9A784A19D9}
	EndGlobalSection
EndGlobal
